PODS:
  - Box (2.0)
  - Crashlytics (3.8.2):
    - Fabric (~> 1.6.3)
  - DZNEmptyDataSet (1.8.1)
  - Fabric (1.6.9)
  - FirebaseAnalytics (3.4.2):
    - FirebaseInstanceID (~> 1.0)
    - GoogleInterchangeUtilities (~> 1.2)
    - GoogleSymbolUtilities (~> 1.1)
    - GoogleUtilities (~> 1.2)
  - FirebaseInstanceID (1.0.8)
  - FormatterKit (1.8.1):
    - FormatterKit/AddressFormatter (= 1.8.1)
    - FormatterKit/ArrayFormatter (= 1.8.1)
    - FormatterKit/ColorFormatter (= 1.8.1)
    - FormatterKit/LocationFormatter (= 1.8.1)
    - FormatterKit/NameFormatter (= 1.8.1)
    - FormatterKit/OrdinalNumberFormatter (= 1.8.1)
    - FormatterKit/Resources (= 1.8.1)
    - FormatterKit/TimeIntervalFormatter (= 1.8.1)
    - FormatterKit/UnitOfInformationFormatter (= 1.8.1)
    - FormatterKit/URLRequestFormatter (= 1.8.1)
  - FormatterKit/AddressFormatter (1.8.1):
    - FormatterKit/Resources
  - FormatterKit/ArrayFormatter (1.8.1):
    - FormatterKit/Resources
  - FormatterKit/ColorFormatter (1.8.1):
    - FormatterKit/Resources
  - FormatterKit/LocationFormatter (1.8.1):
    - FormatterKit/Resources
  - FormatterKit/NameFormatter (1.8.1):
    - FormatterKit/Resources
  - FormatterKit/OrdinalNumberFormatter (1.8.1):
    - FormatterKit/Resources
  - FormatterKit/Resources (1.8.1)
  - FormatterKit/TimeIntervalFormatter (1.8.1):
    - FormatterKit/Resources
  - FormatterKit/UnitOfInformationFormatter (1.8.1):
    - FormatterKit/Resources
  - FormatterKit/URLRequestFormatter (1.8.1):
    - FormatterKit/Resources
  - Google/Analytics (3.0.3):
    - Google/Core
    - GoogleAnalytics (~> 3.12)
  - Google/Core (3.0.3):
    - FirebaseAnalytics (~> 3.2)
  - GoogleAnalytics (3.17.0)
  - GoogleInterchangeUtilities (1.2.1):
    - GoogleSymbolUtilities (~> 1.0)
  - GoogleSymbolUtilities (1.1.1)
  - GoogleUtilities (1.3.1):
    - GoogleSymbolUtilities (~> 1.0)
  - Nimble (5.0.0)
  - ObjectMapper (2.0.0)
  - Quick (0.10.0)
  - RxBlocking (3.0.0-beta.1):
    - RxSwift (~> 3.0.0-beta.1)
  - RxCocoa (3.0.0-beta.1):
    - RxSwift (~> 3.0.0-beta.1)
  - RxSwift (3.0.0-beta.1)
  - RxTests (3.0.0-beta.1):
    - RxSwift (~> 3.0.0-beta.1)
  - Swinject (2.0.0-beta.2)
  - SwinjectStoryboard (1.0.0-beta.2):
    - Swinject (= 2.0.0-beta.2)
  - XCGLogger (4.0.0):
    - XCGLogger/Core (= 4.0.0)
  - XCGLogger/Core (4.0.0)

DEPENDENCIES:
  - Box (~> 2.0)
  - Crashlytics
  - DZNEmptyDataSet
  - Fabric
  - FormatterKit
  - Google/Analytics
  - Nimble (~> 5.0.0)
  - ObjectMapper
  - Quick
  - RxBlocking (~> 3.0.0-beta.1)
  - RxCocoa (~> 3.0.0-beta.1)
  - RxSwift (~> 3.0.0-beta.1)
  - RxTests (~> 3.0.0-beta.1)
  - Swinject (= 2.0.0-beta.2)
  - SwinjectStoryboard (= 1.0.0-beta.2)
  - XCGLogger (~> 4.0.0)

SPEC CHECKSUMS:
  Box: 70713ca3679e4e11ad4c470e9b58265f506fc659
  Crashlytics: 27acca95a01b042a8294291dd6dff27f8f6af6d7
  DZNEmptyDataSet: 9525833b9e68ac21c30253e1d3d7076cc828eaa7
  Fabric: bc5bec42cef4bcf1ee3ce0e218fc518e4b44dfbb
  FirebaseAnalytics: 3f5358d9104adf159cc8d99b7b501e50099a39ad
  FirebaseInstanceID: ba1e640935235e5fac39dfa816fe7660e72e1a8a
  FormatterKit: 11ad17b983200629246a5a466f6f1bfa2df823cb
  Google: 813c467362eabc11385f5a5cc9ad0cb651a58f4e
  GoogleAnalytics: f42cc53a87a51fe94334821868d9c8481ff47a7b
  GoogleInterchangeUtilities: def8415a862effc67d549d5b5b0b9c7a2f97d4de
  GoogleSymbolUtilities: 33117db1b5f290c6fbf259585e4885b4c84b98d7
  GoogleUtilities: 56c5ac05b7aa5dc417a1bb85221a9516e04d7032
  Nimble: 56fc9f5020effa2206de22c3dd910f4fb011b92f
  ObjectMapper: aed2570edabbd3c9b26c939e1cabdb6558f933e0
  Quick: 5d290df1c69d5ee2f0729956dcf0fd9a30447eaa
  RxBlocking: 422944880fe63b432c459dc87be7c8178dcf45f3
  RxCocoa: 8cecf331302b8ae5381bbab1bccba4ede2eae6a8
  RxSwift: 0823e8d7969c23bfa9ddfb2afa4881e424a1a710
  RxTests: 819cbca750007349f03cfdb89bc07d412f67ab96
  Swinject: 69a893192efa9f2cc44be79ef423d04d571b6af9
  SwinjectStoryboard: b52b45821a50386ef604c3cd098f8029a50a268d
  XCGLogger: 38063ea89b4c8b23232d18efd2e12eb0005f3ea4

PODFILE CHECKSUM: 915522830c57391a5492d75db2b8ca40495a8e0f

COCOAPODS: 1.0.1
